
Microsoft Visual Studio Solution File, Format Version 12.00
# Visual Studio Version 17
VisualStudioVersion = 17.2.32616.157
MinimumVisualStudioVersion = 10.0.40219.1
Project("{FAE04EC0-301F-11D3-BF4B-00C04F79EFBC}") = "TestGoogleAPIMAp", "TestGoogleAPIMAp\TestGoogleAPIMAp.csproj", "{93E4BB9B-02F4-4F2D-8388-03728433704F}"
EndProject
Global
	GlobalSection(SolutionConfigurationPlatforms) = preSolution
		Debug|Any CPU = Debug|Any CPU
		Release|Any CPU = Release|Any CPU
	EndGlobalSection
	GlobalSection(ProjectConfigurationPlatforms) = postSolution
		{93E4BB9B-02F4-4F2D-8388-03728433704F}.Debug|Any CPU.ActiveCfg = Debug|Any CPU
		{93E4BB9B-02F4-4F2D-8388-03728433704F}.Debug|Any CPU.Build.0 = Debug|Any CPU
		{93E4BB9B-02F4-4F2D-8388-03728433704F}.Release|Any CPU.ActiveCfg = Release|Any CPU
		{93E4BB9B-02F4-4F2D-8388-03728433704F}.Release|Any CPU.Build.0 = Release|Any CPU
	EndGlobalSection
	GlobalSection(SolutionProperties) = preSolution
		HideSolutionNode = FALSE
	EndGlobalSection
	GlobalSection(ExtensibilityGlobals) = postSolution
		SolutionGuid = {BD15996E-2C82-44E2-97D1-E87628BB299E}
	EndGlobalSection
EndGlobal
